
Microsoft Visual Studio Solution File, Format Version 12.00
# Visual Studio Version 17
VisualStudioVersion = 17.3.32901.215
MinimumVisualStudioVersion = 10.0.40219.1
Project("{FAE04EC0-301F-11D3-BF4B-00C04F79EFBC}") = "EventManagement", "EventManagement\EventManagement.csproj", "{1134F2B2-E434-4D2E-819D-FC14700483FD}"
EndProject
Global
	GlobalSection(SolutionConfigurationPlatforms) = preSolution
		Debug|Any CPU = Debug|Any CPU
		Release|Any CPU = Release|Any CPU
	EndGlobalSection
	GlobalSection(ProjectConfigurationPlatforms) = postSolution
		{1134F2B2-E434-4D2E-819D-FC14700483FD}.Debug|Any CPU.ActiveCfg = Debug|Any CPU
		{1134F2B2-E434-4D2E-819D-FC14700483FD}.Debug|Any CPU.Build.0 = Debug|Any CPU
		{1134F2B2-E434-4D2E-819D-FC14700483FD}.Release|Any CPU.ActiveCfg = Release|Any CPU
		{1134F2B2-E434-4D2E-819D-FC14700483FD}.Release|Any CPU.Build.0 = Release|Any CPU
	EndGlobalSection
	GlobalSection(SolutionProperties) = preSolution
		HideSolutionNode = FALSE
	EndGlobalSection
	GlobalSection(ExtensibilityGlobals) = postSolution
		SolutionGuid = {285BA05D-FBBA-4B83-BCF4-0C238481AE39}
	EndGlobalSection
EndGlobal
